Microsoft Visual Studio Solution File, Format Version 11.00
# Visual Studio 2008

Project("{3C23EA29-162C-14DF-C035-C04AC6D81532}") = "The Voice Of Goat", "Assembly-CSharp.csproj", "{29135FFF-40FF-9506-0523-4B52418C1553}"
EndProject
Global
	GlobalSection(SolutionConfigurationPlatforms) = preSolution
		Debug|Any CPU = Debug|Any CPU
		Release|Any CPU = Release|Any CPU
	EndGlobalSection
	GlobalSection(ProjectConfigurationPlatforms) = postSolution
		{29135FFF-40FF-9506-0523-4B52418C1553}.Debug|Any CPU.ActiveCfg = Debug|Any CPU
		{29135FFF-40FF-9506-0523-4B52418C1553}.Debug|Any CPU.Build.0 = Debug|Any CPU
		{29135FFF-40FF-9506-0523-4B52418C1553}.Release|Any CPU.ActiveCfg = Release|Any CPU
		{29135FFF-40FF-9506-0523-4B52418C1553}.Release|Any CPU.Build.0 = Release|Any CPU
	EndGlobalSection
	GlobalSection(SolutionProperties) = preSolution
		HideSolutionNode = FALSE
	EndGlobalSection
	GlobalSection(MonoDevelopProperties) = preSolution
		StartupItem = Assembly-CSharp.csproj
	EndGlobalSection
EndGlobal
